// !$*UTF8*$!
{
	archiveVersion = 1;
	classes = {
	};
	objectVersion = 46;
	objects = {

/* Begin PBXBuildFile section */
		0577E87B8F2E236EF5926DA3 /* Pods_pageboy_demoUITests.framework in Frameworks */ = {isa = PBXBuildFile; fileRef = 019A776C6514187889015898 /* Pods_pageboy_demoUITests.framework */; };
		1B95442988DB8901DFB07B90 /* Pods_pageboy_demoTests.framework in Frameworks */ = {isa = PBXBuildFile; fileRef = AC29B194F7C49C6C27885F16 /* Pods_pageboy_demoTests.framework */; };
		2AA14C431F0AE7D8000DDD0C /* NewViewController.swift in Sources */ = {isa = PBXBuildFile; fileRef = 2AA14C421F0AE7D8000DDD0C /* NewViewController.swift */; };
		7E8340C81C54838033653450 /* Pods_pageboy_demo.framework in Frameworks */ = {isa = PBXBuildFile; fileRef = 016CC8C6C44F816A630A4F74 /* Pods_pageboy_demo.framework */; };
		B00A06E81F0953C200A5C70F /* PageSuperViewController.swift in Sources */ = {isa = PBXBuildFile; fileRef = B00A06E71F0953C200A5C70F /* PageSuperViewController.swift */; };
		B00A06EA1F09557300A5C70F /* PageOneViewController.swift in Sources */ = {isa = PBXBuildFile; fileRef = B00A06E91F09557300A5C70F /* PageOneViewController.swift */; };
		B00A06EC1F09559F00A5C70F /* PageTwoViewController.swift in Sources */ = {isa = PBXBuildFile; fileRef = B00A06EB1F09559F00A5C70F /* PageTwoViewController.swift */; };
		B00A06EE1F0955B000A5C70F /* PageThreeViewController.swift in Sources */ = {isa = PBXBuildFile; fileRef = B00A06ED1F0955B000A5C70F /* PageThreeViewController.swift */; };
		B0CBD95A1F09533500F346DE /* AppDelegate.swift in Sources */ = {isa = PBXBuildFile; fileRef = B0CBD9591F09533500F346DE /* AppDelegate.swift */; };
		B0CBD95C1F09533500F346DE /* RootPageboyViewController.swift in Sources */ = {isa = PBXBuildFile; fileRef = B0CBD95B1F09533500F346DE /* RootPageboyViewController.swift */; };
		B0CBD9611F09533500F346DE /* Assets.xcassets in Resources */ = {isa = PBXBuildFile; fileRef = B0CBD9601F09533500F346DE /* Assets.xcassets */; };
		B0CBD9641F09533500F346DE /* LaunchScreen.storyboard in Resources */ = {isa = PBXBuildFile; fileRef = B0CBD9621F09533500F346DE /* LaunchScreen.storyboard */; };
		B0CBD96F1F09533500F346DE /* pageboy_demoTests.swift in Sources */ = {isa = PBXBuildFile; fileRef = B0CBD96E1F09533500F346DE /* pageboy_demoTests.swift */; };
		B0CBD97A1F09533500F346DE /* pageboy_demoUITests.swift in Sources */ = {isa = PBXBuildFile; fileRef = B0CBD9791F09533500F346DE /* pageboy_demoUITests.swift */; };
/* End PBXBuildFile section */

/* Begin PBXContainerItemProxy section */
		B0CBD96B1F09533500F346DE /* PBXContainerItemProxy */ = {
			isa = PBXContainerItemProxy;
			containerPortal = B0CBD94E1F09533500F346DE /* Project object */;
			proxyType = 1;
			remoteGlobalIDString = B0CBD9551F09533500F346DE;
			remoteInfo = pageboy_demo;
		};
		B0CBD9761F09533500F346DE /* PBXContainerItemProxy */ = {
			isa = PBXContainerItemProxy;
			containerPortal = B0CBD94E1F09533500F346DE /* Project object */;
			proxyType = 1;
			remoteGlobalIDString = B0CBD9551F09533500F346DE;
			remoteInfo = pageboy_demo;
		};
/* End PBXContainerItemProxy section */

/* Begin PBXFileReference section */
		016CC8C6C44F816A630A4F74 /* Pods_pageboy_demo.framework */ = {isa = PBXFileReference; explicitFileType = wrapper.framework; includeInIndex = 0; path = Pods_pageboy_demo.framework; sourceTree = BUILT_PRODUCTS_DIR; };
		019A776C6514187889015898 /* Pods_pageboy_demoUITests.framework */ = {isa = PBXFileReference; explicitFileType = wrapper.framework; includeInIndex = 0; path = Pods_pageboy_demoUITests.framework; sourceTree = BUILT_PRODUCTS_DIR; };
		0D92A74262974B7004576689 /* Pods-pageboy_demoTests.release.xcconfig */ = {isa = PBXFileReference; includeInIndex = 1; lastKnownFileType = text.xcconfig; name = "Pods-pageboy_demoTests.release.xcconfig"; path = "Pods/Target Support Files/Pods-pageboy_demoTests/Pods-pageboy_demoTests.release.xcconfig"; sourceTree = "<group>"; };
		2AA14C421F0AE7D8000DDD0C /* NewViewController.swift */ = {isa = PBXFileReference; fileEncoding = 4; lastKnownFileType = sourcecode.swift; path = NewViewController.swift; sourceTree = "<group>"; };
		64303301F3D9460E0B09A513 /* Pods-pageboy_demo.release.xcconfig */ = {isa = PBXFileReference; includeInIndex = 1; lastKnownFileType = text.xcconfig; name = "Pods-pageboy_demo.release.xcconfig"; path = "Pods/Target Support Files/Pods-pageboy_demo/Pods-pageboy_demo.release.xcconfig"; sourceTree = "<group>"; };
		7D3969B876DF4531C3FB310F /* Pods-pageboy_demoTests.debug.xcconfig */ = {isa = PBXFileReference; includeInIndex = 1; lastKnownFileType = text.xcconfig; name = "Pods-pageboy_demoTests.debug.xcconfig"; path = "Pods/Target Support Files/Pods-pageboy_demoTests/Pods-pageboy_demoTests.debug.xcconfig"; sourceTree = "<group>"; };
		AC29B194F7C49C6C27885F16 /* Pods_pageboy_demoTests.framework */ = {isa = PBXFileReference; explicitFileType = wrapper.framework; includeInIndex = 0; path = Pods_pageboy_demoTests.framework; sourceTree = BUILT_PRODUCTS_DIR; };
		B00A06E71F0953C200A5C70F /* PageSuperViewController.swift */ = {isa = PBXFileReference; fileEncoding = 4; lastKnownFileType = sourcecode.swift; path = PageSuperViewController.swift; sourceTree = "<group>"; };
		B00A06E91F09557300A5C70F /* PageOneViewController.swift */ = {isa = PBXFileReference; fileEncoding = 4; lastKnownFileType = sourcecode.swift; path = PageOneViewController.swift; sourceTree = "<group>"; };
		B00A06EB1F09559F00A5C70F /* PageTwoViewController.swift */ = {isa = PBXFileReference; fileEncoding = 4; lastKnownFileType = sourcecode.swift; path = PageTwoViewController.swift; sourceTree = "<group>"; };
		B00A06ED1F0955B000A5C70F /* PageThreeViewController.swift */ = {isa = PBXFileReference; fileEncoding = 4; lastKnownFileType = sourcecode.swift; path = PageThreeViewController.swift; sourceTree = "<group>"; };
		B0CBD9561F09533500F346DE /* pageboy_demo.app */ = {isa = PBXFileReference; explicitFileType = wrapper.application; includeInIndex = 0; path = pageboy_demo.app; sourceTree = BUILT_PRODUCTS_DIR; };
		B0CBD9591F09533500F346DE /* AppDelegate.swift */ = {isa = PBXFileReference; lastKnownFileType = sourcecode.swift; path = AppDelegate.swift; sourceTree = "<group>"; };
		B0CBD95B1F09533500F346DE /* RootPageboyViewController.swift */ = {isa = PBXFileReference; lastKnownFileType = sourcecode.swift; path = RootPageboyViewController.swift; sourceTree = "<group>"; };
		B0CBD9601F09533500F346DE /* Assets.xcassets */ = {isa = PBXFileReference; lastKnownFileType = folder.assetcatalog; path = Assets.xcassets; sourceTree = "<group>"; };
		B0CBD9631F09533500F346DE /* Base */ = {isa = PBXFileReference; lastKnownFileType = file.storyboard; name = Base; path = Base.lproj/LaunchScreen.storyboard; sourceTree = "<group>"; };
		B0CBD9651F09533500F346DE /* Info.plist */ = {isa = PBXFileReference; lastKnownFileType = text.plist.xml; path = Info.plist; sourceTree = "<group>"; };
		B0CBD96A1F09533500F346DE /* pageboy_demoTests.xctest */ = {isa = PBXFileReference; explicitFileType = wrapper.cfbundle; includeInIndex = 0; path = pageboy_demoTests.xctest; sourceTree = BUILT_PRODUCTS_DIR; };
		B0CBD96E1F09533500F346DE /* pageboy_demoTests.swift */ = {isa = PBXFileReference; lastKnownFileType = sourcecode.swift; path = pageboy_demoTests.swift; sourceTree = "<group>"; };
		B0CBD9701F09533500F346DE /* Info.plist */ = {isa = PBXFileReference; lastKnownFileType = text.plist.xml; path = Info.plist; sourceTree = "<group>"; };
		B0CBD9751F09533500F346DE /* pageboy_demoUITests.xctest */ = {isa = PBXFileReference; explicitFileType = wrapper.cfbundle; includeInIndex = 0; path = pageboy_demoUITests.xctest; sourceTree = BUILT_PRODUCTS_DIR; };
		B0CBD9791F09533500F346DE /* pageboy_demoUITests.swift */ = {isa = PBXFileReference; lastKnownFileType = sourcecode.swift; path = pageboy_demoUITests.swift; sourceTree = "<group>"; };
		B0CBD97B1F09533500F346DE /* Info.plist */ = {isa = PBXFileReference; lastKnownFileType = text.plist.xml; path = Info.plist; sourceTree = "<group>"; };
		E3A7B182D96B3D7D56ABF886 /* Pods-pageboy_demoUITests.release.xcconfig */ = {isa = PBXFileReference; includeInIndex = 1; lastKnownFileType = text.xcconfig; name = "Pods-pageboy_demoUITests.release.xcconfig"; path = "Pods/Target Support Files/Pods-pageboy_demoUITests/Pods-pageboy_demoUITests.release.xcconfig"; sourceTree = "<group>"; };
		F480157CB72C50440B33A566 /* Pods-pageboy_demo.debug.xcconfig */ = {isa = PBXFileReference; includeInIndex = 1; lastKnownFileType = text.xcconfig; name = "Pods-pageboy_demo.debug.xcconfig"; path = "Pods/Target Support Files/Pods-pageboy_demo/Pods-pageboy_demo.debug.xcconfig"; sourceTree = "<group>"; };
		F6B2654A9B693FE8B5F41626 /* Pods-pageboy_demoUITests.debug.xcconfig */ = {isa = PBXFileReference; includeInIndex = 1; lastKnownFileType = text.xcconfig; name = "Pods-pageboy_demoUITests.debug.xcconfig"; path = "Pods/Target Support Files/Pods-pageboy_demoUITests/Pods-pageboy_demoUITests.debug.xcconfig"; sourceTree = "<group>"; };
/* End PBXFileReference section */

/* Begin PBXFrameworksBuildPhase section */
		B0CBD9531F09533500F346DE /* Frameworks */ = {
			isa = PBXFrameworksBuildPhase;
			buildActionMask = 2147483647;
			files = (
				7E8340C81C54838033653450 /* Pods_pageboy_demo.framework in Frameworks */,
			);
			runOnlyForDeploymentPostprocessing = 0;
		};
		B0CBD9671F09533500F346DE /* Frameworks */ = {
			isa = PBXFrameworksBuildPhase;
			buildActionMask = 2147483647;
			files = (
				1B95442988DB8901DFB07B90 /* Pods_pageboy_demoTests.framework in Frameworks */,
			);
			runOnlyForDeploymentPostprocessing = 0;
		};
		B0CBD9721F09533500F346DE /* Frameworks */ = {
			isa = PBXFrameworksBuildPhase;
			buildActionMask = 2147483647;
			files = (
				0577E87B8F2E236EF5926DA3 /* Pods_pageboy_demoUITests.framework in Frameworks */,
			);
			runOnlyForDeploymentPostprocessing = 0;
		};
/* End PBXFrameworksBuildPhase section */

/* Begin PBXGroup section */
		2A9640F854097B7F5DDD1528 /* Pods */ = {
			isa = PBXGroup;
			children = (
				F480157CB72C50440B33A566 /* Pods-pageboy_demo.debug.xcconfig */,
				64303301F3D9460E0B09A513 /* Pods-pageboy_demo.release.xcconfig */,
				7D3969B876DF4531C3FB310F /* Pods-pageboy_demoTests.debug.xcconfig */,
				0D92A74262974B7004576689 /* Pods-pageboy_demoTests.release.xcconfig */,
				F6B2654A9B693FE8B5F41626 /* Pods-pageboy_demoUITests.debug.xcconfig */,
				E3A7B182D96B3D7D56ABF886 /* Pods-pageboy_demoUITests.release.xcconfig */,
			);
			name = Pods;
			sourceTree = "<group>";
		};
		56CBD015EA42508BECC2B0F9 /* Frameworks */ = {
			isa = PBXGroup;
			children = (
				016CC8C6C44F816A630A4F74 /* Pods_pageboy_demo.framework */,
				AC29B194F7C49C6C27885F16 /* Pods_pageboy_demoTests.framework */,
				019A776C6514187889015898 /* Pods_pageboy_demoUITests.framework */,
			);
			name = Frameworks;
			sourceTree = "<group>";
		};
		B0CBD94D1F09533500F346DE = {
			isa = PBXGroup;
			children = (
				B0CBD9581F09533500F346DE /* pageboy_demo */,
				B0CBD96D1F09533500F346DE /* pageboy_demoTests */,
				B0CBD9781F09533500F346DE /* pageboy_demoUITests */,
				B0CBD9571F09533500F346DE /* Products */,
				2A9640F854097B7F5DDD1528 /* Pods */,
				56CBD015EA42508BECC2B0F9 /* Frameworks */,
			);
			sourceTree = "<group>";
		};
		B0CBD9571F09533500F346DE /* Products */ = {
			isa = PBXGroup;
			children = (
				B0CBD9561F09533500F346DE /* pageboy_demo.app */,
				B0CBD96A1F09533500F346DE /* pageboy_demoTests.xctest */,
				B0CBD9751F09533500F346DE /* pageboy_demoUITests.xctest */,
			);
			name = Products;
			sourceTree = "<group>";
		};
		B0CBD9581F09533500F346DE /* pageboy_demo */ = {
			isa = PBXGroup;
			children = (
				B0CBD9591F09533500F346DE /* AppDelegate.swift */,
				B0CBD95B1F09533500F346DE /* RootPageboyViewController.swift */,
				B0CBD9601F09533500F346DE /* Assets.xcassets */,
				B0CBD9621F09533500F346DE /* LaunchScreen.storyboard */,
				B0CBD9651F09533500F346DE /* Info.plist */,
				B00A06E71F0953C200A5C70F /* PageSuperViewController.swift */,
				B00A06E91F09557300A5C70F /* PageOneViewController.swift */,
				B00A06EB1F09559F00A5C70F /* PageTwoViewController.swift */,
				B00A06ED1F0955B000A5C70F /* PageThreeViewController.swift */,
				2AA14C421F0AE7D8000DDD0C /* NewViewController.swift */,
			);
			path = pageboy_demo;
			sourceTree = "<group>";
		};
		B0CBD96D1F09533500F346DE /* pageboy_demoTests */ = {
			isa = PBXGroup;
			children = (
				B0CBD96E1F09533500F346DE /* pageboy_demoTests.swift */,
				B0CBD9701F09533500F346DE /* Info.plist */,
			);
			path = pageboy_demoTests;
			sourceTree = "<group>";
		};
		B0CBD9781F09533500F346DE /* pageboy_demoUITests */ = {
			isa = PBXGroup;
			children = (
				B0CBD9791F09533500F346DE /* pageboy_demoUITests.swift */,
				B0CBD97B1F09533500F346DE /* Info.plist */,
			);
			path = pageboy_demoUITests;
			sourceTree = "<group>";
		};
/* End PBXGroup section */

/* Begin PBXNativeTarget section */
		B0CBD9551F09533500F346DE /* pageboy_demo */ = {
			isa = PBXNativeTarget;
			buildConfigurationList = B0CBD97E1F09533500F346DE /* Build configuration list for PBXNativeTarget "pageboy_demo" */;
			buildPhases = (
				E362581C4F9FC36212C0906C /* [CP] Check Pods Manifest.lock */,
				B0CBD9521F09533500F346DE /* Sources */,
				B0CBD9531F09533500F346DE /* Frameworks */,
				B0CBD9541F09533500F346DE /* Resources */,
				CC1E1905AB605F3854D2398C /* [CP] Embed Pods Frameworks */,
				98BD87E8454721C505037EE8 /* [CP] Copy Pods Resources */,
			);
			buildRules = (
			);
			dependencies = (
			);
			name = pageboy_demo;
			productName = pageboy_demo;
			productReference = B0CBD9561F09533500F346DE /* pageboy_demo.app */;
			productType = "com.apple.product-type.application";
		};
		B0CBD9691F09533500F346DE /* pageboy_demoTests */ = {
			isa = PBXNativeTarget;
			buildConfigurationList = B0CBD9811F09533500F346DE /* Build configuration list for PBXNativeTarget "pageboy_demoTests" */;
			buildPhases = (
				4C32C3E5A951A2F1C44E85E6 /* [CP] Check Pods Manifest.lock */,
				B0CBD9661F09533500F346DE /* Sources */,
				B0CBD9671F09533500F346DE /* Frameworks */,
				B0CBD9681F09533500F346DE /* Resources */,
				65FF81D8671BF028D082B26E /* [CP] Embed Pods Frameworks */,
				3A90CA2229A2C28EC0603D03 /* [CP] Copy Pods Resources */,
			);
			buildRules = (
			);
			dependencies = (
				B0CBD96C1F09533500F346DE /* PBXTargetDependency */,
			);
			name = pageboy_demoTests;
			productName = pageboy_demoTests;
			productReference = B0CBD96A1F09533500F346DE /* pageboy_demoTests.xctest */;
			productType = "com.apple.product-type.bundle.unit-test";
		};
		B0CBD9741F09533500F346DE /* pageboy_demoUITests */ = {
			isa = PBXNativeTarget;
			buildConfigurationList = B0CBD9841F09533500F346DE /* Build configuration list for PBXNativeTarget "pageboy_demoUITests" */;
			buildPhases = (
				4DC6AB7DFAE4C611B3C2B17A /* [CP] Check Pods Manifest.lock */,
				B0CBD9711F09533500F346DE /* Sources */,
				B0CBD9721F09533500F346DE /* Frameworks */,
				B0CBD9731F09533500F346DE /* Resources */,
				11A44817A1DD290E8A59847D /* [CP] Embed Pods Frameworks */,
				9413AE249F9FE4FF64B82A6D /* [CP] Copy Pods Resources */,
			);
			buildRules = (
			);
			dependencies = (
				B0CBD9771F09533500F346DE /* PBXTargetDependency */,
			);
			name = pageboy_demoUITests;
			productName = pageboy_demoUITests;
			productReference = B0CBD9751F09533500F346DE /* pageboy_demoUITests.xctest */;
			productType = "com.apple.product-type.bundle.ui-testing";
		};
/* End PBXNativeTarget section */

/* Begin PBXProject section */
		B0CBD94E1F09533500F346DE /* Project object */ = {
			isa = PBXProject;
			attributes = {
				LastSwiftUpdateCheck = 0830;
				LastUpgradeCheck = 0830;
				ORGANIZATIONNAME = "Alexander Murphy";
				TargetAttributes = {
					B0CBD9551F09533500F346DE = {
						CreatedOnToolsVersion = 8.3.3;
						DevelopmentTeam = 9L49SS68XP;
						ProvisioningStyle = Automatic;
					};
					B0CBD9691F09533500F346DE = {
						CreatedOnToolsVersion = 8.3.3;
						DevelopmentTeam = 9L49SS68XP;
						ProvisioningStyle = Automatic;
						TestTargetID = B0CBD9551F09533500F346DE;
					};
					B0CBD9741F09533500F346DE = {
						CreatedOnToolsVersion = 8.3.3;
						DevelopmentTeam = 9L49SS68XP;
						ProvisioningStyle = Automatic;
						TestTargetID = B0CBD9551F09533500F346DE;
					};
				};
			};
			buildConfigurationList = B0CBD9511F09533500F346DE /* Build configuration list for PBXProject "pageboy_demo" */;
			compatibilityVersion = "Xcode 3.2";
			developmentRegion = English;
			hasScannedForEncodings = 0;
			knownRegions = (
				en,
				Base,
			);
			mainGroup = B0CBD94D1F09533500F346DE;
			productRefGroup = B0CBD9571F09533500F346DE /* Products */;
			projectDirPath = "";
			projectRoot = "";
			targets = (
				B0CBD9551F09533500F346DE /* pageboy_demo */,
				B0CBD9691F09533500F346DE /* pageboy_demoTests */,
				B0CBD9741F09533500F346DE /* pageboy_demoUITests */,
			);
		};
/* End PBXProject section */

/* Begin PBXResourcesBuildPhase section */
		B0CBD9541F09533500F346DE /* Resources */ = {
			isa = PBXResourcesBuildPhase;
			buildActionMask = 2147483647;
			files = (
				B0CBD9641F09533500F346DE /* LaunchScreen.storyboard in Resources */,
				B0CBD9611F09533500F346DE /* Assets.xcassets in Resources */,
			);
			runOnlyForDeploymentPostprocessing = 0;
		};
		B0CBD9681F09533500F346DE /* Resources */ = {
			isa = PBXResourcesBuildPhase;
			buildActionMask = 2147483647;
			files = (
			);
			runOnlyForDeploymentPostprocessing = 0;
		};
		B0CBD9731F09533500F346DE /* Resources */ = {
			isa = PBXResourcesBuildPhase;
			buildActionMask = 2147483647;
			files = (
			);
			runOnlyForDeploymentPostprocessing = 0;
		};
/* End PBXResourcesBuildPhase section */

/* Begin PBXShellScriptBuildPhase section */
		11A44817A1DD290E8A59847D /* [CP] Embed Pods Frameworks */ = {
			isa = PBXShellScriptBuildPhase;
			buildActionMask = 2147483647;
			files = (
			);
			inputPaths = (
			);
			name = "[CP] Embed Pods Frameworks";
			outputPaths = (
			);
			runOnlyForDeploymentPostprocessing = 0;
			shellPath = /bin/sh;
			shellScript = "\"${SRCROOT}/Pods/Target Support Files/Pods-pageboy_demoUITests/Pods-pageboy_demoUITests-frameworks.sh\"\n";
			showEnvVarsInLog = 0;
		};
		3A90CA2229A2C28EC0603D03 /* [CP] Copy Pods Resources */ = {
			isa = PBXShellScriptBuildPhase;
			buildActionMask = 2147483647;
			files = (
			);
			inputPaths = (
			);
			name = "[CP] Copy Pods Resources";
			outputPaths = (
			);
			runOnlyForDeploymentPostprocessing = 0;
			shellPath = /bin/sh;
			shellScript = "\"${SRCROOT}/Pods/Target Support Files/Pods-pageboy_demoTests/Pods-pageboy_demoTests-resources.sh\"\n";
			showEnvVarsInLog = 0;
		};
		4C32C3E5A951A2F1C44E85E6 /* [CP] Check Pods Manifest.lock */ = {
			isa = PBXShellScriptBuildPhase;
			buildActionMask = 2147483647;
			files = (
			);
			inputPaths = (
			);
			name = "[CP] Check Pods Manifest.lock";
			outputPaths = (
			);
			runOnlyForDeploymentPostprocessing = 0;
			shellPath = /bin/sh;
			shellScript = "diff \"${PODS_PODFILE_DIR_PATH}/Podfile.lock\" \"${PODS_ROOT}/Manifest.lock\" > /dev/null\nif [ $? != 0 ] ; then\n    # print error to STDERR\n    echo \"error: The sandbox is not in sync with the Podfile.lock. Run 'pod install' or update your CocoaPods installation.\" >&2\n    exit 1\nfi\n";
			showEnvVarsInLog = 0;
		};
		4DC6AB7DFAE4C611B3C2B17A /* [CP] Check Pods Manifest.lock */ = {
			isa = PBXShellScriptBuildPhase;
			buildActionMask = 2147483647;
			files = (
			);
			inputPaths = (
			);
			name = "[CP] Check Pods Manifest.lock";
			outputPaths = (
			);
			runOnlyForDeploymentPostprocessing = 0;
			shellPath = /bin/sh;
			shellScript = "diff \"${PODS_PODFILE_DIR_PATH}/Podfile.lock\" \"${PODS_ROOT}/Manifest.lock\" > /dev/null\nif [ $? != 0 ] ; then\n    # print error to STDERR\n    echo \"error: The sandbox is not in sync with the Podfile.lock. Run 'pod install' or update your CocoaPods installation.\" >&2\n    exit 1\nfi\n";
			showEnvVarsInLog = 0;
		};
		65FF81D8671BF028D082B26E /* [CP] Embed Pods Frameworks */ = {
			isa = PBXShellScriptBuildPhase;
			buildActionMask = 2147483647;
			files = (
			);
			inputPaths = (
			);
			name = "[CP] Embed Pods Frameworks";
			outputPaths = (
			);
			runOnlyForDeploymentPostprocessing = 0;
			shellPath = /bin/sh;
			shellScript = "\"${SRCROOT}/Pods/Target Support Files/Pods-pageboy_demoTests/Pods-pageboy_demoTests-frameworks.sh\"\n";
			showEnvVarsInLog = 0;
		};
		9413AE249F9FE4FF64B82A6D /* [CP] Copy Pods Resources */ = {
			isa = PBXShellScriptBuildPhase;
			buildActionMask = 2147483647;
			files = (
			);
			inputPaths = (
			);
			name = "[CP] Copy Pods Resources";
			outputPaths = (
			);
			runOnlyForDeploymentPostprocessing = 0;
			shellPath = /bin/sh;
			shellScript = "\"${SRCROOT}/Pods/Target Support Files/Pods-pageboy_demoUITests/Pods-pageboy_demoUITests-resources.sh\"\n";
			showEnvVarsInLog = 0;
		};
		98BD87E8454721C505037EE8 /* [CP] Copy Pods Resources */ = {
			isa = PBXShellScriptBuildPhase;
			buildActionMask = 2147483647;
			files = (
			);
			inputPaths = (
			);
			name = "[CP] Copy Pods Resources";
			outputPaths = (
			);
			runOnlyForDeploymentPostprocessing = 0;
			shellPath = /bin/sh;
			shellScript = "\"${SRCROOT}/Pods/Target Support Files/Pods-pageboy_demo/Pods-pageboy_demo-resources.sh\"\n";
			showEnvVarsInLog = 0;
		};
		CC1E1905AB605F3854D2398C /* [CP] Embed Pods Frameworks */ = {
			isa = PBXShellScriptBuildPhase;
			buildActionMask = 2147483647;
			files = (
			);
			inputPaths = (
			);
			name = "[CP] Embed Pods Frameworks";
			outputPaths = (
			);
			runOnlyForDeploymentPostprocessing = 0;
			shellPath = /bin/sh;
			shellScript = "\"${SRCROOT}/Pods/Target Support Files/Pods-pageboy_demo/Pods-pageboy_demo-frameworks.sh\"\n";
			showEnvVarsInLog = 0;
		};
		E362581C4F9FC36212C0906C /* [CP] Check Pods Manifest.lock */ = {
			isa = PBXShellScriptBuildPhase;
			buildActionMask = 2147483647;
			files = (
			);
			inputPaths = (
			);
			name = "[CP] Check Pods Manifest.lock";
			outputPaths = (
			);
			runOnlyForDeploymentPostprocessing = 0;
			shellPath = /bin/sh;
			shellScript = "diff \"${PODS_PODFILE_DIR_PATH}/Podfile.lock\" \"${PODS_ROOT}/Manifest.lock\" > /dev/null\nif [ $? != 0 ] ; then\n    # print error to STDERR\n    echo \"error: The sandbox is not in sync with the Podfile.lock. Run 'pod install' or update your CocoaPods installation.\" >&2\n    exit 1\nfi\n";
			showEnvVarsInLog = 0;
		};
/* End PBXShellScriptBuildPhase section */

/* Begin PBXSourcesBuildPhase section */
		B0CBD9521F09533500F346DE /* Sources */ = {
			isa = PBXSourcesBuildPhase;
			buildActionMask = 2147483647;
			files = (
				B00A06EA1F09557300A5C70F /* PageOneViewController.swift in Sources */,
				B00A06E81F0953C200A5C70F /* PageSuperViewController.swift in Sources */,
				2AA14C431F0AE7D8000DDD0C /* NewViewController.swift in Sources */,
				B00A06EC1F09559F00A5C70F /* PageTwoViewController.swift in Sources */,
				B0CBD95C1F09533500F346DE /* RootPageboyViewController.swift in Sources */,
				B00A06EE1F0955B000A5C70F /* PageThreeViewController.swift in Sources */,
				B0CBD95A1F09533500F346DE /* AppDelegate.swift in Sources */,
			);
			runOnlyForDeploymentPostprocessing = 0;
		};
		B0CBD9661F09533500F346DE /* Sources */ = {
			isa = PBXSourcesBuildPhase;
			buildActionMask = 2147483647;
			files = (
				B0CBD96F1F09533500F346DE /* pageboy_demoTests.swift in Sources */,
			);
			runOnlyForDeploymentPostprocessing = 0;
		};
		B0CBD9711F09533500F346DE /* Sources */ = {
			isa = PBXSourcesBuildPhase;
			buildActionMask = 2147483647;
			files = (
				B0CBD97A1F09533500F346DE /* pageboy_demoUITests.swift in Sources */,
			);
			runOnlyForDeploymentPostprocessing = 0;
		};
/* End PBXSourcesBuildPhase section */

/* Begin PBXTargetDependency section */
		B0CBD96C1F09533500F346DE /* PBXTargetDependency */ = {
			isa = PBXTargetDependency;
			target = B0CBD9551F09533500F346DE /* pageboy_demo */;
			targetProxy = B0CBD96B1F09533500F346DE /* PBXContainerItemProxy */;
		};
		B0CBD9771F09533500F346DE /* PBXTargetDependency */ = {
			isa = PBXTargetDependency;
			target = B0CBD9551F09533500F346DE /* pageboy_demo */;
			targetProxy = B0CBD9761F09533500F346DE /* PBXContainerItemProxy */;
		};
/* End PBXTargetDependency section */

/* Begin PBXVariantGroup section */
		B0CBD9621F09533500F346DE /* LaunchScreen.storyboard */ = {
			isa = PBXVariantGroup;
			children = (
				B0CBD9631F09533500F346DE /* Base */,
			);
			name = LaunchScreen.storyboard;
			sourceTree = "<group>";
		};
/* End PBXVariantGroup section */

/* Begin XCBuildConfiguration section */
		B0CBD97C1F09533500F346DE /* Debug */ = {
			isa = XCBuildConfiguration;
			buildSettings = {
				ALWAYS_SEARCH_USER_PATHS = NO;
				CLANG_ANALYZER_NONNULL = YES;
				CLANG_ANALYZER_NUMBER_OBJECT_CONVERSION = YES_AGGRESSIVE;
				CLANG_CXX_LANGUAGE_STANDARD = "gnu++0x";
				CLANG_CXX_LIBRARY = "libc++";
				CLANG_ENABLE_MODULES = YES;
				CLANG_ENABLE_OBJC_ARC = YES;
				CLANG_WARN_BOOL_CONVERSION = YES;
				CLANG_WARN_CONSTANT_CONVERSION = YES;
				CLANG_WARN_DIRECT_OBJC_ISA_USAGE = YES_ERROR;
				CLANG_WARN_DOCUMENTATION_COMMENTS = YES;
				CLANG_WARN_EMPTY_BODY = YES;
				CLANG_WARN_ENUM_CONVERSION = YES;
				CLANG_WARN_INFINITE_RECURSION = YES;
				CLANG_WARN_INT_CONVERSION = YES;
				CLANG_WARN_OBJC_ROOT_CLASS = YES_ERROR;
				CLANG_WARN_SUSPICIOUS_MOVE = YES;
				CLANG_WARN_UNREACHABLE_CODE = YES;
				CLANG_WARN__DUPLICATE_METHOD_MATCH = YES;
				"CODE_SIGN_IDENTITY[sdk=iphoneos*]" = "iPhone Developer";
				COPY_PHASE_STRIP = NO;
				DEBUG_INFORMATION_FORMAT = dwarf;
				ENABLE_STRICT_OBJC_MSGSEND = YES;
				ENABLE_TESTABILITY = YES;
				GCC_C_LANGUAGE_STANDARD = gnu99;
				GCC_DYNAMIC_NO_PIC = NO;
				GCC_NO_COMMON_BLOCKS = YES;
				GCC_OPTIMIZATION_LEVEL = 0;
				GCC_PREPROCESSOR_DEFINITIONS = (
					"DEBUG=1",
					"$(inherited)",
				);
				GCC_WARN_64_TO_32_BIT_CONVERSION = YES;
				GCC_WARN_ABOUT_RETURN_TYPE = YES_ERROR;
				GCC_WARN_UNDECLARED_SELECTOR = YES;
				GCC_WARN_UNINITIALIZED_AUTOS = YES_AGGRESSIVE;
				GCC_WARN_UNUSED_FUNCTION = YES;
				GCC_WARN_UNUSED_VARIABLE = YES;
				IPHONEOS_DEPLOYMENT_TARGET = 10.3;
				MTL_ENABLE_DEBUG_INFO = YES;
				ONLY_ACTIVE_ARCH = YES;
				SDKROOT = iphoneos;
				SWIFT_ACTIVE_COMPILATION_CONDITIONS = DEBUG;
				SWIFT_OPTIMIZATION_LEVEL = "-Onone";
				TARGETED_DEVICE_FAMILY = "1,2";
			};
			name = Debug;
		};
		B0CBD97D1F09533500F346DE /* Release */ = {
			isa = XCBuildConfiguration;
			buildSettings = {
				ALWAYS_SEARCH_USER_PATHS = NO;
				CLANG_ANALYZER_NONNULL = YES;
				CLANG_ANALYZER_NUMBER_OBJECT_CONVERSION = YES_AGGRESSIVE;
				CLANG_CXX_LANGUAGE_STANDARD = "gnu++0x";
				CLANG_CXX_LIBRARY = "libc++";
				CLANG_ENABLE_MODULES = YES;
				CLANG_ENABLE_OBJC_ARC = YES;
				CLANG_WARN_BOOL_CONVERSION = YES;
				CLANG_WARN_CONSTANT_CONVERSION = YES;
				CLANG_WARN_DIRECT_OBJC_ISA_USAGE = YES_ERROR;
				CLANG_WARN_DOCUMENTATION_COMMENTS = YES;
				CLANG_WARN_EMPTY_BODY = YES;
				CLANG_WARN_ENUM_CONVERSION = YES;
				CLANG_WARN_INFINITE_RECURSION = YES;
				CLANG_WARN_INT_CONVERSION = YES;
				CLANG_WARN_OBJC_ROOT_CLASS = YES_ERROR;
				CLANG_WARN_SUSPICIOUS_MOVE = YES;
				CLANG_WARN_UNREACHABLE_CODE = YES;
				CLANG_WARN__DUPLICATE_METHOD_MATCH = YES;
				"CODE_SIGN_IDENTITY[sdk=iphoneos*]" = "iPhone Developer";
				COPY_PHASE_STRIP = NO;
				DEBUG_INFORMATION_FORMAT = "dwarf-with-dsym";
				ENABLE_NS_ASSERTIONS = NO;
				ENABLE_STRICT_OBJC_MSGSEND = YES;
				GCC_C_LANGUAGE_STANDARD = gnu99;
				GCC_NO_COMMON_BLOCKS = YES;
				GCC_WARN_64_TO_32_BIT_CONVERSION = YES;
				GCC_WARN_ABOUT_RETURN_TYPE = YES_ERROR;
				GCC_WARN_UNDECLARED_SELECTOR = YES;
				GCC_WARN_UNINITIALIZED_AUTOS = YES_AGGRESSIVE;
				GCC_WARN_UNUSED_FUNCTION = YES;
				GCC_WARN_UNUSED_VARIABLE = YES;
				IPHONEOS_DEPLOYMENT_TARGET = 10.3;
				MTL_ENABLE_DEBUG_INFO = NO;
				SDKROOT = iphoneos;
				SWIFT_OPTIMIZATION_LEVEL = "-Owholemodule";
				TARGETED_DEVICE_FAMILY = "1,2";
				VALIDATE_PRODUCT = YES;
			};
			name = Release;
		};
		B0CBD97F1F09533500F346DE /* Debug */ = {
			isa = XCBuildConfiguration;
			baseConfigurationReference = F480157CB72C50440B33A566 /* Pods-pageboy_demo.debug.xcconfig */;
			buildSettings = {
				ASSETCATALOG_COMPILER_APPICON_NAME = AppIcon;
				DEVELOPMENT_TEAM = 9L49SS68XP;
				INFOPLIST_FILE = pageboy_demo/Info.plist;
				LD_RUNPATH_SEARCH_PATHS = "$(inherited) @executable_path/Frameworks";
				PRODUCT_BUNDLE_IDENTIFIER = "com.thexande.pageboy-demo";
				PRODUCT_NAME = "$(TARGET_NAME)";
				SWIFT_VERSION = 3.0;
			};
			name = Debug;
		};
		B0CBD9801F09533500F346DE /* Release */ = {
			isa = XCBuildConfiguration;
			baseConfigurationReference = 64303301F3D9460E0B09A513 /* Pods-pageboy_demo.release.xcconfig */;
			buildSettings = {
				ASSETCATALOG_COMPILER_APPICON_NAME = AppIcon;
				DEVELOPMENT_TEAM = 9L49SS68XP;
				INFOPLIST_FILE = pageboy_demo/Info.plist;
				LD_RUNPATH_SEARCH_PATHS = "$(inherited) @executable_path/Frameworks";
				PRODUCT_BUNDLE_IDENTIFIER = "com.thexande.pageboy-demo";
				PRODUCT_NAME = "$(TARGET_NAME)";
				SWIFT_VERSION = 3.0;
			};
			name = Release;
		};
		B0CBD9821F09533500F346DE /* Debug */ = {
			isa = XCBuildConfiguration;
			baseConfigurationReference = 7D3969B876DF4531C3FB310F /* Pods-pageboy_demoTests.debug.xcconfig */;
			buildSettings = {
				ALWAYS_EMBED_SWIFT_STANDARD_LIBRARIES = YES;
				BUNDLE_LOADER = "$(TEST_HOST)";
				DEVELOPMENT_TEAM = 9L49SS68XP;
				INFOPLIST_FILE = pageboy_demoTests/Info.plist;
				LD_RUNPATH_SEARCH_PATHS = "$(inherited) @executable_path/Frameworks @loader_path/Frameworks";
				PRODUCT_BUNDLE_IDENTIFIER = "com.thexande.pageboy-demoTests";
				PRODUCT_NAME = "$(TARGET_NAME)";
				SWIFT_VERSION = 3.0;
				TEST_HOST = "$(BUILT_PRODUCTS_DIR)/pageboy_demo.app/pageboy_demo";
			};
			name = Debug;
		};
		B0CBD9831F09533500F346DE /* Release */ = {
			isa = XCBuildConfiguration;
			baseConfigurationReference = 0D92A74262974B7004576689 /* Pods-pageboy_demoTests.release.xcconfig */;
			buildSettings = {
				ALWAYS_EMBED_SWIFT_STANDARD_LIBRARIES = YES;
				BUNDLE_LOADER = "$(TEST_HOST)";
				DEVELOPMENT_TEAM = 9L49SS68XP;
				INFOPLIST_FILE = pageboy_demoTests/Info.plist;
				LD_RUNPATH_SEARCH_PATHS = "$(inherited) @executable_path/Frameworks @loader_path/Frameworks";
				PRODUCT_BUNDLE_IDENTIFIER = "com.thexande.pageboy-demoTests";
				PRODUCT_NAME = "$(TARGET_NAME)";
				SWIFT_VERSION = 3.0;
				TEST_HOST = "$(BUILT_PRODUCTS_DIR)/pageboy_demo.app/pageboy_demo";
			};
			name = Release;
		};
		B0CBD9851F09533500F346DE /* Debug */ = {
			isa = XCBuildConfiguration;
			baseConfigurationReference = F6B2654A9B693FE8B5F41626 /* Pods-pageboy_demoUITests.debug.xcconfig */;
			buildSettings = {
				ALWAYS_EMBED_SWIFT_STANDARD_LIBRARIES = YES;
				DEVELOPMENT_TEAM = 9L49SS68XP;
				INFOPLIST_FILE = pageboy_demoUITests/Info.plist;
				LD_RUNPATH_SEARCH_PATHS = "$(inherited) @executable_path/Frameworks @loader_path/Frameworks";
				PRODUCT_BUNDLE_IDENTIFIER = "com.thexande.pageboy-demoUITests";
				PRODUCT_NAME = "$(TARGET_NAME)";
				SWIFT_VERSION = 3.0;
				TEST_TARGET_NAME = pageboy_demo;
			};
			name = Debug;
		};
		B0CBD9861F09533500F346DE /* Release */ = {
			isa = XCBuildConfiguration;
			baseConfigurationReference = E3A7B182D96B3D7D56ABF886 /* Pods-pageboy_demoUITests.release.xcconfig */;
			buildSettings = {
				ALWAYS_EMBED_SWIFT_STANDARD_LIBRARIES = YES;
				DEVELOPMENT_TEAM = 9L49SS68XP;
				INFOPLIST_FILE = pageboy_demoUITests/Info.plist;
				LD_RUNPATH_SEARCH_PATHS = "$(inherited) @executable_path/Frameworks @loader_path/Frameworks";
				PRODUCT_BUNDLE_IDENTIFIER = "com.thexande.pageboy-demoUITests";
				PRODUCT_NAME = "$(TARGET_NAME)";
				SWIFT_VERSION = 3.0;
				TEST_TARGET_NAME = pageboy_demo;
			};
			name = Release;
		};
/* End XCBuildConfiguration section */

/* Begin XCConfigurationList section */
		B0CBD9511F09533500F346DE /* Build configuration list for PBXProject "pageboy_demo" */ = {
			isa = XCConfigurationList;
			buildConfigurations = (
				B0CBD97C1F09533500F346DE /* Debug */,
				B0CBD97D1F09533500F346DE /* Release */,
			);
			defaultConfigurationIsVisible = 0;
			defaultConfigurationName = Release;
		};
		B0CBD97E1F09533500F346DE /* Build configuration list for PBXNativeTarget "pageboy_demo" */ = {
			isa = XCConfigurationList;
			buildConfigurations = (
				B0CBD97F1F09533500F346DE /* Debug */,
				B0CBD9801F09533500F346DE /* Release */,
			);
			defaultConfigurationIsVisible = 0;
			defaultConfigurationName = Release;
		};
		B0CBD9811F09533500F346DE /* Build configuration list for PBXNativeTarget "pageboy_demoTests" */ = {
			isa = XCConfigurationList;
			buildConfigurations = (
				B0CBD9821F09533500F346DE /* Debug */,
				B0CBD9831F09533500F346DE /* Release */,
			);
			defaultConfigurationIsVisible = 0;
			defaultConfigurationName = Release;
		};
		B0CBD9841F09533500F346DE /* Build configuration list for PBXNativeTarget "pageboy_demoUITests" */ = {
			isa = XCConfigurationList;
			buildConfigurations = (
				B0CBD9851F09533500F346DE /* Debug */,
				B0CBD9861F09533500F346DE /* Release */,
			);
			defaultConfigurationIsVisible = 0;
			defaultConfigurationName = Release;
		};
/* End XCConfigurationList section */
	};
	rootObject = B0CBD94E1F09533500F346DE /* Project object */;
}
